
Microsoft Visual Studio Solution File, Format Version 12.00
# Visual Studio 14
VisualStudioVersion = 14.0.25420.1
MinimumVisualStudioVersion = 10.0.40219.1
Project("{FAE04EC0-301F-11D3-BF4B-00C04F79EFBC}") = "WebApplication", "WebApplication\WebApplication.csproj", "{292560E7-AE97-4D92-AA03-2627E13228F5}"
EndProject
Project("{FAE04EC0-301F-11D3-BF4B-00C04F79EFBC}") = "DATA", "DATA\DATA.csproj", "{04459E09-69E7-4C66-A591-A77DF4194BF6}"
EndProject
Project("{FAE04EC0-301F-11D3-BF4B-00C04F79EFBC}") = "DOMAIN", "DOMAIN\DOMAIN.csproj", "{CBF018E9-984E-4242-8CFF-21A2609DDE2B}"
EndProject
Project("{FAE04EC0-301F-11D3-BF4B-00C04F79EFBC}") = "SERVICE", "SERVICE\SERVICE.csproj", "{449EC6A5-A217-4267-94B5-E019272AE5A1}"
EndProject
Project("{FAE04EC0-301F-11D3-BF4B-00C04F79EFBC}") = "ServicePattern", "ServicePattern\ServicePattern.csproj", "{532170D3-B671-4C3B-9825-75CCC20A0E21}"
EndProject
Global
	GlobalSection(SolutionConfigurationPlatforms) = preSolution
		Debug|Any CPU = Debug|Any CPU
		Release|Any CPU = Release|Any CPU
	EndGlobalSection
	GlobalSection(ProjectConfigurationPlatforms) = postSolution
		{292560E7-AE97-4D92-AA03-2627E13228F5}.Debug|Any CPU.ActiveCfg = Debug|Any CPU
		{292560E7-AE97-4D92-AA03-2627E13228F5}.Debug|Any CPU.Build.0 = Debug|Any CPU
		{292560E7-AE97-4D92-AA03-2627E13228F5}.Release|Any CPU.ActiveCfg = Release|Any CPU
		{292560E7-AE97-4D92-AA03-2627E13228F5}.Release|Any CPU.Build.0 = Release|Any CPU
		{04459E09-69E7-4C66-A591-A77DF4194BF6}.Debug|Any CPU.ActiveCfg = Debug|Any CPU
		{04459E09-69E7-4C66-A591-A77DF4194BF6}.Debug|Any CPU.Build.0 = Debug|Any CPU
		{04459E09-69E7-4C66-A591-A77DF4194BF6}.Release|Any CPU.ActiveCfg = Release|Any CPU
		{04459E09-69E7-4C66-A591-A77DF4194BF6}.Release|Any CPU.Build.0 = Release|Any CPU
		{CBF018E9-984E-4242-8CFF-21A2609DDE2B}.Debug|Any CPU.ActiveCfg = Debug|Any CPU
		{CBF018E9-984E-4242-8CFF-21A2609DDE2B}.Debug|Any CPU.Build.0 = Debug|Any CPU
		{CBF018E9-984E-4242-8CFF-21A2609DDE2B}.Release|Any CPU.ActiveCfg = Release|Any CPU
		{CBF018E9-984E-4242-8CFF-21A2609DDE2B}.Release|Any CPU.Build.0 = Release|Any CPU
		{449EC6A5-A217-4267-94B5-E019272AE5A1}.Debug|Any CPU.ActiveCfg = Debug|Any CPU
		{449EC6A5-A217-4267-94B5-E019272AE5A1}.Debug|Any CPU.Build.0 = Debug|Any CPU
		{449EC6A5-A217-4267-94B5-E019272AE5A1}.Release|Any CPU.ActiveCfg = Release|Any CPU
		{449EC6A5-A217-4267-94B5-E019272AE5A1}.Release|Any CPU.Build.0 = Release|Any CPU
		{532170D3-B671-4C3B-9825-75CCC20A0E21}.Debug|Any CPU.ActiveCfg = Debug|Any CPU
		{532170D3-B671-4C3B-9825-75CCC20A0E21}.Debug|Any CPU.Build.0 = Debug|Any CPU
		{532170D3-B671-4C3B-9825-75CCC20A0E21}.Release|Any CPU.ActiveCfg = Release|Any CPU
		{532170D3-B671-4C3B-9825-75CCC20A0E21}.Release|Any CPU.Build.0 = Release|Any CPU
	EndGlobalSection
	GlobalSection(SolutionProperties) = preSolution
		HideSolutionNode = FALSE
	EndGlobalSection
EndGlobal
